
Microsoft Visual Studio Solution File, Format Version 12.00
Project("{FAE04EC0-301F-11D3-BF4B-00C04F79EFBC}") = "LoginFormExample", "LoginFormExample\LoginFormExample.csproj", "{B4AEBC4B-4044-4A92-9F28-99DFC0B0574A}"
EndProject
Global
	GlobalSection(SolutionConfigurationPlatforms) = preSolution
		Debug|Any CPU = Debug|Any CPU
		Release|Any CPU = Release|Any CPU
	EndGlobalSection
	GlobalSection(ProjectConfigurationPlatforms) = postSolution
		{B4AEBC4B-4044-4A92-9F28-99DFC0B0574A}.Debug|Any CPU.ActiveCfg = Debug|Any CPU
		{B4AEBC4B-4044-4A92-9F28-99DFC0B0574A}.Debug|Any CPU.Build.0 = Debug|Any CPU
		{B4AEBC4B-4044-4A92-9F28-99DFC0B0574A}.Release|Any CPU.ActiveCfg = Release|Any CPU
		{B4AEBC4B-4044-4A92-9F28-99DFC0B0574A}.Release|Any CPU.Build.0 = Release|Any CPU
	EndGlobalSection
EndGlobal
